
Microsoft Visual Studio Solution File, Format Version 12.00
# Visual Studio 15
VisualStudioVersion = 15.0.27004.2002
MinimumVisualStudioVersion = 10.0.40219.1
Project("{9A19103F-16F7-4668-BE54-9A1E7A4F7556}") = "LandmarkRemark.Web", "LandmarkRemark.Web\LandmarkRemark.Web.csproj", "{4261C70D-6AEC-485C-A6BF-E5A1CCF75F49}"
EndProject
Project("{FAE04EC0-301F-11D3-BF4B-00C04F79EFBC}") = "LandmarkRemark.Services", "LandmarkRemark.Services\LandmarkRemark.Services.csproj", "{27C888AD-AB62-4A58-A6F1-75C749E722C8}"
EndProject
Project("{FAE04EC0-301F-11D3-BF4B-00C04F79EFBC}") = "LandmarkRemark.Data", "LandmarkRemark.Data\LandmarkRemark.Data.csproj", "{B411387B-BC9A-422F-BF35-58C3031598BD}"
EndProject
Global
	GlobalSection(SolutionConfigurationPlatforms) = preSolution
		Debug|Any CPU = Debug|Any CPU
		Release|Any CPU = Release|Any CPU
	EndGlobalSection
	GlobalSection(ProjectConfigurationPlatforms) = postSolution
		{4261C70D-6AEC-485C-A6BF-E5A1CCF75F49}.Debug|Any CPU.ActiveCfg = Debug|Any CPU
		{4261C70D-6AEC-485C-A6BF-E5A1CCF75F49}.Debug|Any CPU.Build.0 = Debug|Any CPU
		{4261C70D-6AEC-485C-A6BF-E5A1CCF75F49}.Release|Any CPU.ActiveCfg = Release|Any CPU
		{4261C70D-6AEC-485C-A6BF-E5A1CCF75F49}.Release|Any CPU.Build.0 = Release|Any CPU
		{27C888AD-AB62-4A58-A6F1-75C749E722C8}.Debug|Any CPU.ActiveCfg = Debug|Any CPU
		{27C888AD-AB62-4A58-A6F1-75C749E722C8}.Debug|Any CPU.Build.0 = Debug|Any CPU
		{27C888AD-AB62-4A58-A6F1-75C749E722C8}.Release|Any CPU.ActiveCfg = Release|Any CPU
		{27C888AD-AB62-4A58-A6F1-75C749E722C8}.Release|Any CPU.Build.0 = Release|Any CPU
		{B411387B-BC9A-422F-BF35-58C3031598BD}.Debug|Any CPU.ActiveCfg = Debug|Any CPU
		{B411387B-BC9A-422F-BF35-58C3031598BD}.Debug|Any CPU.Build.0 = Debug|Any CPU
		{B411387B-BC9A-422F-BF35-58C3031598BD}.Release|Any CPU.ActiveCfg = Release|Any CPU
		{B411387B-BC9A-422F-BF35-58C3031598BD}.Release|Any CPU.Build.0 = Release|Any CPU
	EndGlobalSection
	GlobalSection(SolutionProperties) = preSolution
		HideSolutionNode = FALSE
	EndGlobalSection
	GlobalSection(ExtensibilityGlobals) = postSolution
		SolutionGuid = {826C2745-77F4-4821-A2AB-1A6273E99519}
	EndGlobalSection
EndGlobal
